// !$*UTF8*$!
{
	archiveVersion = 1;
	classes = {
	};
	objectVersion = 55;
	objects = {

/* Begin PBXBuildFile section */
		53EEFB8528F0AB24007DCBBD /* restaurant_appApp.swift in Sources */ = {isa = PBXBuildFile; fileRef = 53EEFB8428F0AB24007DCBBD /* restaurant_appApp.swift */; };
		53EEFB8728F0AB24007DCBBD /* ContentView.swift in Sources */ = {isa = PBXBuildFile; fileRef = 53EEFB8628F0AB24007DCBBD /* ContentView.swift */; };
		53EEFB8928F0AB26007DCBBD /* Assets.xcassets in Resources */ = {isa = PBXBuildFile; fileRef = 53EEFB8828F0AB26007DCBBD /* Assets.xcassets */; };
		53EEFB8C28F0AB26007DCBBD /* Preview Assets.xcassets in Resources */ = {isa = PBXBuildFile; fileRef = 53EEFB8B28F0AB26007DCBBD /* Preview Assets.xcassets */; };
		53EEFB9A28F0B38C007DCBBD /* CodeScanner in Frameworks */ = {isa = PBXBuildFile; productRef = 53EEFB9928F0B38C007DCBBD /* CodeScanner */; };
		53EEFB9C28F0BC97007DCBBD /* qr_code_scanner.swift in Sources */ = {isa = PBXBuildFile; fileRef = 53EEFB9B28F0BC97007DCBBD /* qr_code_scanner.swift */; };
		53EEFB9E28F0BEAC007DCBBD /* main_menu.swift in Sources */ = {isa = PBXBuildFile; fileRef = 53EEFB9D28F0BEAC007DCBBD /* main_menu.swift */; };
/* End PBXBuildFile section */

/* Begin PBXFileReference section */
		53EEFB8128F0AB24007DCBBD /* restaurant_app.app */ = {isa = PBXFileReference; explicitFileType = wrapper.application; includeInIndex = 0; path = restaurant_app.app; sourceTree = BUILT_PRODUCTS_DIR; };
		53EEFB8428F0AB24007DCBBD /* restaurant_appApp.swift */ = {isa = PBXFileReference; lastKnownFileType = sourcecode.swift; path = restaurant_appApp.swift; sourceTree = "<group>"; };
		53EEFB8628F0AB24007DCBBD /* ContentView.swift */ = {isa = PBXFileReference; lastKnownFileType = sourcecode.swift; path = ContentView.swift; sourceTree = "<group>"; };
		53EEFB8828F0AB26007DCBBD /* Assets.xcassets */ = {isa = PBXFileReference; lastKnownFileType = folder.assetcatalog; path = Assets.xcassets; sourceTree = "<group>"; };
		53EEFB8B28F0AB26007DCBBD /* Preview Assets.xcassets */ = {isa = PBXFileReference; lastKnownFileType = folder.assetcatalog; path = "Preview Assets.xcassets"; sourceTree = "<group>"; };
		53EEFB9B28F0BC97007DCBBD /* qr_code_scanner.swift */ = {isa = PBXFileReference; lastKnownFileType = sourcecode.swift; path = qr_code_scanner.swift; sourceTree = "<group>"; };
		53EEFB9D28F0BEAC007DCBBD /* main_menu.swift */ = {isa = PBXFileReference; lastKnownFileType = sourcecode.swift; path = main_menu.swift; sourceTree = "<group>"; };
/* End PBXFileReference section */

/* Begin PBXFrameworksBuildPhase section */
		53EEFB7E28F0AB24007DCBBD /* Frameworks */ = {
			isa = PBXFrameworksBuildPhase;
			buildActionMask = 2147483647;
			files = (
				53EEFB9A28F0B38C007DCBBD /* CodeScanner in Frameworks */,
			);
			runOnlyForDeploymentPostprocessing = 0;
		};
/* End PBXFrameworksBuildPhase section */

/* Begin PBXGroup section */
		53EEFB7828F0AB24007DCBBD = {
			isa = PBXGroup;
			children = (
				53EEFB8328F0AB24007DCBBD /* restaurant_app */,
				53EEFB8228F0AB24007DCBBD /* Products */,
			);
			sourceTree = "<group>";
		};
		53EEFB8228F0AB24007DCBBD /* Products */ = {
			isa = PBXGroup;
			children = (
				53EEFB8128F0AB24007DCBBD /* restaurant_app.app */,
			);
			name = Products;
			sourceTree = "<group>";
		};
		53EEFB8328F0AB24007DCBBD /* restaurant_app */ = {
			isa = PBXGroup;
			children = (
				53EEFB8428F0AB24007DCBBD /* restaurant_appApp.swift */,
				53EEFB8628F0AB24007DCBBD /* ContentView.swift */,
				53EEFB8828F0AB26007DCBBD /* Assets.xcassets */,
				53EEFB8A28F0AB26007DCBBD /* Preview Content */,
				53EEFB9B28F0BC97007DCBBD /* qr_code_scanner.swift */,
				53EEFB9D28F0BEAC007DCBBD /* main_menu.swift */,
			);
			path = restaurant_app;
			sourceTree = "<group>";
		};
		53EEFB8A28F0AB26007DCBBD /* Preview Content */ = {
			isa = PBXGroup;
			children = (
				53EEFB8B28F0AB26007DCBBD /* Preview Assets.xcassets */,
			);
			path = "Preview Content";
			sourceTree = "<group>";
		};
/* End PBXGroup section */

/* Begin PBXNativeTarget section */
		53EEFB8028F0AB24007DCBBD /* restaurant_app */ = {
			isa = PBXNativeTarget;
			buildConfigurationList = 53EEFB8F28F0AB26007DCBBD /* Build configuration list for PBXNativeTarget "restaurant_app" */;
			buildPhases = (
				53EEFB7D28F0AB24007DCBBD /* Sources */,
				53EEFB7E28F0AB24007DCBBD /* Frameworks */,
				53EEFB7F28F0AB24007DCBBD /* Resources */,
			);
			buildRules = (
			);
			dependencies = (
			);
			name = restaurant_app;
			packageProductDependencies = (
				53EEFB9928F0B38C007DCBBD /* CodeScanner */,
			);
			productName = restaurant_app;
			productReference = 53EEFB8128F0AB24007DCBBD /* restaurant_app.app */;
			productType = "com.apple.product-type.application";
		};
/* End PBXNativeTarget section */

/* Begin PBXProject section */
		53EEFB7928F0AB24007DCBBD /* Project object */ = {
			isa = PBXProject;
			attributes = {
				BuildIndependentTargetsInParallel = 1;
				LastSwiftUpdateCheck = 1320;
				LastUpgradeCheck = 1320;
				TargetAttributes = {
					53EEFB8028F0AB24007DCBBD = {
						CreatedOnToolsVersion = 13.2.1;
					};
				};
			};
			buildConfigurationList = 53EEFB7C28F0AB24007DCBBD /* Build configuration list for PBXProject "restaurant_app" */;
			compatibilityVersion = "Xcode 13.0";
			developmentRegion = en;
			hasScannedForEncodings = 0;
			knownRegions = (
				en,
				Base,
			);
			mainGroup = 53EEFB7828F0AB24007DCBBD;
			packageReferences = (
				53EEFB9828F0B38C007DCBBD /* XCRemoteSwiftPackageReference "CodeScanner" */,
			);
			productRefGroup = 53EEFB8228F0AB24007DCBBD /* Products */;
			projectDirPath = "";
			projectRoot = "";
			targets = (
				53EEFB8028F0AB24007DCBBD /* restaurant_app */,
			);
		};
/* End PBXProject section */

/* Begin PBXResourcesBuildPhase section */
		53EEFB7F28F0AB24007DCBBD /* Resources */ = {
			isa = PBXResourcesBuildPhase;
			buildActionMask = 2147483647;
			files = (
				53EEFB8C28F0AB26007DCBBD /* Preview Assets.xcassets in Resources */,
				53EEFB8928F0AB26007DCBBD /* Assets.xcassets in Resources */,
			);
			runOnlyForDeploymentPostprocessing = 0;
		};
/* End PBXResourcesBuildPhase section */

/* Begin PBXSourcesBuildPhase section */
		53EEFB7D28F0AB24007DCBBD /* Sources */ = {
			isa = PBXSourcesBuildPhase;
			buildActionMask = 2147483647;
			files = (
				53EEFB9C28F0BC97007DCBBD /* qr_code_scanner.swift in Sources */,
				53EEFB8728F0AB24007DCBBD /* ContentView.swift in Sources */,
				53EEFB8528F0AB24007DCBBD /* restaurant_appApp.swift in Sources */,
				53EEFB9E28F0BEAC007DCBBD /* main_menu.swift in Sources */,
			);
			runOnlyForDeploymentPostprocessing = 0;
		};
/* End PBXSourcesBuildPhase section */

/* Begin XCBuildConfiguration section */
		53EEFB8D28F0AB26007DCBBD /* Debug */ = {
			isa = XCBuildConfiguration;
			buildSettings = {
				ALWAYS_SEARCH_USER_PATHS = NO;
				CLANG_ANALYZER_NONNULL = YES;
				CLANG_ANALYZER_NUMBER_OBJECT_CONVERSION = YES_AGGRESSIVE;
				CLANG_CXX_LANGUAGE_STANDARD = "gnu++17";
				CLANG_CXX_LIBRARY = "libc++";
				CLANG_ENABLE_MODULES = YES;
				CLANG_ENABLE_OBJC_ARC = YES;
				CLANG_ENABLE_OBJC_WEAK = YES;
				CLANG_WARN_BLOCK_CAPTURE_AUTORELEASING = YES;
				CLANG_WARN_BOOL_CONVERSION = YES;
				CLANG_WARN_COMMA = YES;
				CLANG_WARN_CONSTANT_CONVERSION = YES;
				CLANG_WARN_DEPRECATED_OBJC_IMPLEMENTATIONS = YES;
				CLANG_WARN_DIRECT_OBJC_ISA_USAGE = YES_ERROR;
				CLANG_WARN_DOCUMENTATION_COMMENTS = YES;
				CLANG_WARN_EMPTY_BODY = YES;
				CLANG_WARN_ENUM_CONVERSION = YES;
				CLANG_WARN_INFINITE_RECURSION = YES;
				CLANG_WARN_INT_CONVERSION = YES;
				CLANG_WARN_NON_LITERAL_NULL_CONVERSION = YES;
				CLANG_WARN_OBJC_IMPLICIT_RETAIN_SELF = YES;
				CLANG_WARN_OBJC_LITERAL_CONVERSION = YES;
				CLANG_WARN_OBJC_ROOT_CLASS = YES_ERROR;
				CLANG_WARN_QUOTED_INCLUDE_IN_FRAMEWORK_HEADER = YES;
				CLANG_WARN_RANGE_LOOP_ANALYSIS = YES;
				CLANG_WARN_STRICT_PROTOTYPES = YES;
				CLANG_WARN_SUSPICIOUS_MOVE = YES;
				CLANG_WARN_UNGUARDED_AVAILABILITY = YES_AGGRESSIVE;
				CLANG_WARN_UNREACHABLE_CODE = YES;
				CLANG_WARN__DUPLICATE_METHOD_MATCH = YES;
				COPY_PHASE_STRIP = NO;
				DEBUG_INFORMATION_FORMAT = dwarf;
				ENABLE_STRICT_OBJC_MSGSEND = YES;
				ENABLE_TESTABILITY = YES;
				GCC_C_LANGUAGE_STANDARD = gnu11;
				GCC_DYNAMIC_NO_PIC = NO;
				GCC_NO_COMMON_BLOCKS = YES;
				GCC_OPTIMIZATION_LEVEL = 0;
				GCC_PREPROCESSOR_DEFINITIONS = (
					"DEBUG=1",
					"$(inherited)",
				);
				GCC_WARN_64_TO_32_BIT_CONVERSION = YES;
				GCC_WARN_ABOUT_RETURN_TYPE = YES_ERROR;
				GCC_WARN_UNDECLARED_SELECTOR = YES;
				GCC_WARN_UNINITIALIZED_AUTOS = YES_AGGRESSIVE;
				GCC_WARN_UNUSED_FUNCTION = YES;
				GCC_WARN_UNUSED_VARIABLE = YES;
				IPHONEOS_DEPLOYMENT_TARGET = 15.2;
				MTL_ENABLE_DEBUG_INFO = INCLUDE_SOURCE;
				MTL_FAST_MATH = YES;
				ONLY_ACTIVE_ARCH = YES;
				SDKROOT = iphoneos;
				SWIFT_ACTIVE_COMPILATION_CONDITIONS = DEBUG;
				SWIFT_OPTIMIZATION_LEVEL = "-Onone";
			};
			name = Debug;
		};
		53EEFB8E28F0AB26007DCBBD /* Release */ = {
			isa = XCBuildConfiguration;
			buildSettings = {
				ALWAYS_SEARCH_USER_PATHS = NO;
				CLANG_ANALYZER_NONNULL = YES;
				CLANG_ANALYZER_NUMBER_OBJECT_CONVERSION = YES_AGGRESSIVE;
				CLANG_CXX_LANGUAGE_STANDARD = "gnu++17";
				CLANG_CXX_LIBRARY = "libc++";
				CLANG_ENABLE_MODULES = YES;
				CLANG_ENABLE_OBJC_ARC = YES;
				CLANG_ENABLE_OBJC_WEAK = YES;
				CLANG_WARN_BLOCK_CAPTURE_AUTORELEASING = YES;
				CLANG_WARN_BOOL_CONVERSION = YES;
				CLANG_WARN_COMMA = YES;
				CLANG_WARN_CONSTANT_CONVERSION = YES;
				CLANG_WARN_DEPRECATED_OBJC_IMPLEMENTATIONS = YES;
				CLANG_WARN_DIRECT_OBJC_ISA_USAGE = YES_ERROR;
				CLANG_WARN_DOCUMENTATION_COMMENTS = YES;
				CLANG_WARN_EMPTY_BODY = YES;
				CLANG_WARN_ENUM_CONVERSION = YES;
				CLANG_WARN_INFINITE_RECURSION = YES;
				CLANG_WARN_INT_CONVERSION = YES;
				CLANG_WARN_NON_LITERAL_NULL_CONVERSION = YES;
				CLANG_WARN_OBJC_IMPLICIT_RETAIN_SELF = YES;
				CLANG_WARN_OBJC_LITERAL_CONVERSION = YES;
				CLANG_WARN_OBJC_ROOT_CLASS = YES_ERROR;
				CLANG_WARN_QUOTED_INCLUDE_IN_FRAMEWORK_HEADER = YES;
				CLANG_WARN_RANGE_LOOP_ANALYSIS = YES;
				CLANG_WARN_STRICT_PROTOTYPES = YES;
				CLANG_WARN_SUSPICIOUS_MOVE = YES;
				CLANG_WARN_UNGUARDED_AVAILABILITY = YES_AGGRESSIVE;
				CLANG_WARN_UNREACHABLE_CODE = YES;
				CLANG_WARN__DUPLICATE_METHOD_MATCH = YES;
				COPY_PHASE_STRIP = NO;
				DEBUG_INFORMATION_FORMAT = "dwarf-with-dsym";
				ENABLE_NS_ASSERTIONS = NO;
				ENABLE_STRICT_OBJC_MSGSEND = YES;
				GCC_C_LANGUAGE_STANDARD = gnu11;
				GCC_NO_COMMON_BLOCKS = YES;
				GCC_WARN_64_TO_32_BIT_CONVERSION = YES;
				GCC_WARN_ABOUT_RETURN_TYPE = YES_ERROR;
				GCC_WARN_UNDECLARED_SELECTOR = YES;
				GCC_WARN_UNINITIALIZED_AUTOS = YES_AGGRESSIVE;
				GCC_WARN_UNUSED_FUNCTION = YES;
				GCC_WARN_UNUSED_VARIABLE = YES;
				IPHONEOS_DEPLOYMENT_TARGET = 15.2;
				MTL_ENABLE_DEBUG_INFO = NO;
				MTL_FAST_MATH = YES;
				SDKROOT = iphoneos;
				SWIFT_COMPILATION_MODE = wholemodule;
				SWIFT_OPTIMIZATION_LEVEL = "-O";
				VALIDATE_PRODUCT = YES;
			};
			name = Release;
		};
		53EEFB9028F0AB26007DCBBD /* Debug */ = {
			isa = XCBuildConfiguration;
			buildSettings = {
				ASSETCATALOG_COMPILER_APPICON_NAME = AppIcon;
				ASSETCATALOG_COMPILER_GLOBAL_ACCENT_COLOR_NAME = AccentColor;
				CODE_SIGN_STYLE = Automatic;
				CURRENT_PROJECT_VERSION = 1;
				DEVELOPMENT_ASSET_PATHS = "\"restaurant_app/Preview Content\"";
				DEVELOPMENT_TEAM = A5BZ8KTKDB;
				ENABLE_PREVIEWS = YES;
				GENERATE_INFOPLIST_FILE = YES;
				INFOPLIST_KEY_NSCameraUsageDescription = "We need to scan QR code";
				INFOPLIST_KEY_UIApplicationSceneManifest_Generation = YES;
				INFOPLIST_KEY_UIApplicationSupportsIndirectInputEvents = YES;
				INFOPLIST_KEY_UILaunchScreen_Generation = YES;
				INFOPLIST_KEY_UISupportedInterfaceOrientations_iPad = "UIInterfaceOrientationPortrait UIInterfaceOrientationPortraitUpsideDown UIInterfaceOrientationLandscapeLeft UIInterfaceOrientationLandscapeRight";
				INFOPLIST_KEY_UISupportedInterfaceOrientations_iPhone = "UIInterfaceOrientationPortrait UIInterfaceOrientationLandscapeLeft UIInterfaceOrientationLandscapeRight";
				LD_RUNPATH_SEARCH_PATHS = (
					"$(inherited)",
					"@executable_path/Frameworks",
				);
				MARKETING_VERSION = 1.0;
				PRODUCT_BUNDLE_IDENTIFIER = "FonoLabs.restaurant-app";
				PRODUCT_NAME = "$(TARGET_NAME)";
				SWIFT_EMIT_LOC_STRINGS = YES;
				SWIFT_VERSION = 5.0;
				TARGETED_DEVICE_FAMILY = "1,2";
			};
			name = Debug;
		};
		53EEFB9128F0AB26007DCBBD /* Release */ = {
			isa = XCBuildConfiguration;
			buildSettings = {
				ASSETCATALOG_COMPILER_APPICON_NAME = AppIcon;
				ASSETCATALOG_COMPILER_GLOBAL_ACCENT_COLOR_NAME = AccentColor;
				CODE_SIGN_STYLE = Automatic;
				CURRENT_PROJECT_VERSION = 1;
				DEVELOPMENT_ASSET_PATHS = "\"restaurant_app/Preview Content\"";
				DEVELOPMENT_TEAM = A5BZ8KTKDB;
				ENABLE_PREVIEWS = YES;
				GENERATE_INFOPLIST_FILE = YES;
				INFOPLIST_KEY_NSCameraUsageDescription = "We need to scan QR code";
				INFOPLIST_KEY_UIApplicationSceneManifest_Generation = YES;
				INFOPLIST_KEY_UIApplicationSupportsIndirectInputEvents = YES;
				INFOPLIST_KEY_UILaunchScreen_Generation = YES;
				INFOPLIST_KEY_UISupportedInterfaceOrientations_iPad = "UIInterfaceOrientationPortrait UIInterfaceOrientationPortraitUpsideDown UIInterfaceOrientationLandscapeLeft UIInterfaceOrientationLandscapeRight";
				INFOPLIST_KEY_UISupportedInterfaceOrientations_iPhone = "UIInterfaceOrientationPortrait UIInterfaceOrientationLandscapeLeft UIInterfaceOrientationLandscapeRight";
				LD_RUNPATH_SEARCH_PATHS = (
					"$(inherited)",
					"@executable_path/Frameworks",
				);
				MARKETING_VERSION = 1.0;
				PRODUCT_BUNDLE_IDENTIFIER = "FonoLabs.restaurant-app";
				PRODUCT_NAME = "$(TARGET_NAME)";
				SWIFT_EMIT_LOC_STRINGS = YES;
				SWIFT_VERSION = 5.0;
				TARGETED_DEVICE_FAMILY = "1,2";
			};
			name = Release;
		};
/* End XCBuildConfiguration section */

/* Begin XCConfigurationList section */
		53EEFB7C28F0AB24007DCBBD /* Build configuration list for PBXProject "restaurant_app" */ = {
			isa = XCConfigurationList;
			buildConfigurations = (
				53EEFB8D28F0AB26007DCBBD /* Debug */,
				53EEFB8E28F0AB26007DCBBD /* Release */,
			);
			defaultConfigurationIsVisible = 0;
			defaultConfigurationName = Release;
		};
		53EEFB8F28F0AB26007DCBBD /* Build configuration list for PBXNativeTarget "restaurant_app" */ = {
			isa = XCConfigurationList;
			buildConfigurations = (
				53EEFB9028F0AB26007DCBBD /* Debug */,
				53EEFB9128F0AB26007DCBBD /* Release */,
			);
			defaultConfigurationIsVisible = 0;
			defaultConfigurationName = Release;
		};
/* End XCConfigurationList section */

/* Begin XCRemoteSwiftPackageReference section */
		53EEFB9828F0B38C007DCBBD /* XCRemoteSwiftPackageReference "CodeScanner" */ = {
			isa = XCRemoteSwiftPackageReference;
			repositoryURL = "https://github.com/twostraws/CodeScanner";
			requirement = {
				kind = upToNextMajorVersion;
				minimumVersion = 2.0.0;
			};
		};
/* End XCRemoteSwiftPackageReference section */

/* Begin XCSwiftPackageProductDependency section */
		53EEFB9928F0B38C007DCBBD /* CodeScanner */ = {
			isa = XCSwiftPackageProductDependency;
			package = 53EEFB9828F0B38C007DCBBD /* XCRemoteSwiftPackageReference "CodeScanner" */;
			productName = CodeScanner;
		};
/* End XCSwiftPackageProductDependency section */
	};
	rootObject = 53EEFB7928F0AB24007DCBBD /* Project object */;
}
